
Microsoft Visual Studio Solution File, Format Version 12.00
# Visual Studio 2013
VisualStudioVersion = 12.0.31101.0
MinimumVisualStudioVersion = 10.0.40219.1
Project("{FAE04EC0-301F-11D3-BF4B-00C04F79EFBC}") = "MarieCurie.DoIt.RestClient", "MarieCurie.DoIt.RestClient\MarieCurie.DoIt.RestClient.csproj", "{38C98551-786E-45BF-A1F7-7BC8046133CC}"
EndProject
Project("{FAE04EC0-301F-11D3-BF4B-00C04F79EFBC}") = "MarieCurie.DoIt.Domain", "MarieCurie.DoIt.Domain\MarieCurie.DoIt.Domain.csproj", "{D6D9AB61-ADC5-4441-809A-EDB395BD33D1}"
EndProject
Project("{2150E333-8FDC-42A3-9474-1A3956D46DE8}") = "Solution Items", "Solution Items", "{F8E8D4EB-C64E-4568-97F6-CAAAC01D0FA0}"
	ProjectSection(SolutionItems) = preProject
		MarieCurie.DoIt.Client.nuspec = MarieCurie.DoIt.Client.nuspec
	EndProjectSection
EndProject
Global
	GlobalSection(SolutionConfigurationPlatforms) = preSolution
		Debug|Any CPU = Debug|Any CPU
		Release|Any CPU = Release|Any CPU
	EndGlobalSection
	GlobalSection(ProjectConfigurationPlatforms) = postSolution
		{38C98551-786E-45BF-A1F7-7BC8046133CC}.Debug|Any CPU.ActiveCfg = Debug|Any CPU
		{38C98551-786E-45BF-A1F7-7BC8046133CC}.Debug|Any CPU.Build.0 = Debug|Any CPU
		{38C98551-786E-45BF-A1F7-7BC8046133CC}.Release|Any CPU.ActiveCfg = Release|Any CPU
		{38C98551-786E-45BF-A1F7-7BC8046133CC}.Release|Any CPU.Build.0 = Release|Any CPU
		{D6D9AB61-ADC5-4441-809A-EDB395BD33D1}.Debug|Any CPU.ActiveCfg = Debug|Any CPU
		{D6D9AB61-ADC5-4441-809A-EDB395BD33D1}.Debug|Any CPU.Build.0 = Debug|Any CPU
		{D6D9AB61-ADC5-4441-809A-EDB395BD33D1}.Release|Any CPU.ActiveCfg = Release|Any CPU
		{D6D9AB61-ADC5-4441-809A-EDB395BD33D1}.Release|Any CPU.Build.0 = Release|Any CPU
	EndGlobalSection
	GlobalSection(SolutionProperties) = preSolution
		HideSolutionNode = FALSE
	EndGlobalSection
EndGlobal
